
Microsoft Visual Studio Solution File, Format Version 12.00
# Visual Studio 15
VisualStudioVersion = 15.0.27428.2005
MinimumVisualStudioVersion = 10.0.40219.1
Project("{FAE04EC0-301F-11D3-BF4B-00C04F79EFBC}") = "Interface", "Interface\Interface.csproj", "{1ACB5A31-D0F6-459A-BEF2-E4A44EC8EA64}"
EndProject
Project("{FAE04EC0-301F-11D3-BF4B-00C04F79EFBC}") = "Interface.Common", "Interface.Common\Interface.Common.csproj", "{E45AD1D2-67A9-4BFE-8C14-D6C21C01E6CC}"
EndProject
Global
	GlobalSection(SolutionConfigurationPlatforms) = preSolution
		Debug|Any CPU = Debug|Any CPU
		Release|Any CPU = Release|Any CPU
	EndGlobalSection
	GlobalSection(ProjectConfigurationPlatforms) = postSolution
		{1ACB5A31-D0F6-459A-BEF2-E4A44EC8EA64}.Debug|Any CPU.ActiveCfg = Debug|Any CPU
		{1ACB5A31-D0F6-459A-BEF2-E4A44EC8EA64}.Debug|Any CPU.Build.0 = Debug|Any CPU
		{1ACB5A31-D0F6-459A-BEF2-E4A44EC8EA64}.Release|Any CPU.ActiveCfg = Release|Any CPU
		{1ACB5A31-D0F6-459A-BEF2-E4A44EC8EA64}.Release|Any CPU.Build.0 = Release|Any CPU
		{E45AD1D2-67A9-4BFE-8C14-D6C21C01E6CC}.Debug|Any CPU.ActiveCfg = Debug|Any CPU
		{E45AD1D2-67A9-4BFE-8C14-D6C21C01E6CC}.Debug|Any CPU.Build.0 = Debug|Any CPU
		{E45AD1D2-67A9-4BFE-8C14-D6C21C01E6CC}.Release|Any CPU.ActiveCfg = Release|Any CPU
		{E45AD1D2-67A9-4BFE-8C14-D6C21C01E6CC}.Release|Any CPU.Build.0 = Release|Any CPU
	EndGlobalSection
	GlobalSection(SolutionProperties) = preSolution
		HideSolutionNode = FALSE
	EndGlobalSection
	GlobalSection(ExtensibilityGlobals) = postSolution
		SolutionGuid = {77D49BB5-3C7B-4E4D-8ED4-5D86702AB2F5}
	EndGlobalSection
EndGlobal
